// !$*UTF8*$!
{
	archiveVersion = 1;
	classes = {
	};
	objectVersion = 56;
	objects = {

/* Begin PBXBuildFile section */
		D994C8C22D00F38700BB4537 /* ApplySWUIApp.swift in Sources */ = {isa = PBXBuildFile; fileRef = D994C8C12D00F38700BB4537 /* ApplySWUIApp.swift */; };
		D994C8C42D00F38700BB4537 /* ContentView.swift in Sources */ = {isa = PBXBuildFile; fileRef = D994C8C32D00F38700BB4537 /* ContentView.swift */; };
		D994C8C62D00F38800BB4537 /* Assets.xcassets in Resources */ = {isa = PBXBuildFile; fileRef = D994C8C52D00F38800BB4537 /* Assets.xcassets */; };
		D994C8C92D00F38800BB4537 /* Preview Assets.xcassets in Resources */ = {isa = PBXBuildFile; fileRef = D994C8C82D00F38800BB4537 /* Preview Assets.xcassets */; };
		D994C8CB2D00F38800BB4537 /* Persistence.swift in Sources */ = {isa = PBXBuildFile; fileRef = D994C8CA2D00F38800BB4537 /* Persistence.swift */; };
		D994C8CE2D00F38800BB4537 /* ApplySWUI.xcdatamodeld in Sources */ = {isa = PBXBuildFile; fileRef = D994C8CC2D00F38800BB4537 /* ApplySWUI.xcdatamodeld */; };
		D994C8D82D00F38800BB4537 /* ApplySWUITests.swift in Sources */ = {isa = PBXBuildFile; fileRef = D994C8D72D00F38800BB4537 /* ApplySWUITests.swift */; };
		D994C8E22D00F38800BB4537 /* ApplySWUIUITests.swift in Sources */ = {isa = PBXBuildFile; fileRef = D994C8E12D00F38800BB4537 /* ApplySWUIUITests.swift */; };
		D994C8E42D00F38800BB4537 /* ApplySWUIUITestsLaunchTests.swift in Sources */ = {isa = PBXBuildFile; fileRef = D994C8E32D00F38800BB4537 /* ApplySWUIUITestsLaunchTests.swift */; };
		D994C9242D02304900BB4537 /* UtilServices.swift in Sources */ = {isa = PBXBuildFile; fileRef = D994C9232D02304900BB4537 /* UtilServices.swift */; };
		D994C9262D02306100BB4537 /* APIEndpointModel.swift in Sources */ = {isa = PBXBuildFile; fileRef = D994C9252D02306100BB4537 /* APIEndpointModel.swift */; };
		D994C9282D02308000BB4537 /* Hits.swift in Sources */ = {isa = PBXBuildFile; fileRef = D994C9272D02308000BB4537 /* Hits.swift */; };
		D994C92A2D0230AB00BB4537 /* webService.swift in Sources */ = {isa = PBXBuildFile; fileRef = D994C9292D0230AB00BB4537 /* webService.swift */; };
		D994C92D2D0230ED00BB4537 /* endpointsDev.plist in Resources */ = {isa = PBXBuildFile; fileRef = D994C92C2D0230ED00BB4537 /* endpointsDev.plist */; };
		D994C92F2D02310900BB4537 /* UtilsDates.swift in Sources */ = {isa = PBXBuildFile; fileRef = D994C92E2D02310900BB4537 /* UtilsDates.swift */; };
		D994C9312D02313C00BB4537 /* HitsViewModel.swift in Sources */ = {isa = PBXBuildFile; fileRef = D994C9302D02313C00BB4537 /* HitsViewModel.swift */; };
		D994C9342D02317E00BB4537 /* Localizable.strings in Resources */ = {isa = PBXBuildFile; fileRef = D994C9332D02317E00BB4537 /* Localizable.strings */; };
		D994C9382D0238CE00BB4537 /* HitsContentView.swift in Sources */ = {isa = PBXBuildFile; fileRef = D994C9372D0238CE00BB4537 /* HitsContentView.swift */; };
		D994C93A2D0238DA00BB4537 /* WebContentView.swift in Sources */ = {isa = PBXBuildFile; fileRef = D994C9392D0238DA00BB4537 /* WebContentView.swift */; };
		D994C93D2D026EC400BB4537 /* ErrorContentView.swift in Sources */ = {isa = PBXBuildFile; fileRef = D994C93C2D026EC400BB4537 /* ErrorContentView.swift */; };
/* End PBXBuildFile section */

/* Begin PBXContainerItemProxy section */
		D994C8D42D00F38800BB4537 /* PBXContainerItemProxy */ = {
			isa = PBXContainerItemProxy;
			containerPortal = D994C8B62D00F38600BB4537 /* Project object */;
			proxyType = 1;
			remoteGlobalIDString = D994C8BD2D00F38700BB4537;
			remoteInfo = ApplySWUI;
		};
		D994C8DE2D00F38800BB4537 /* PBXContainerItemProxy */ = {
			isa = PBXContainerItemProxy;
			containerPortal = D994C8B62D00F38600BB4537 /* Project object */;
			proxyType = 1;
			remoteGlobalIDString = D994C8BD2D00F38700BB4537;
			remoteInfo = ApplySWUI;
		};
/* End PBXContainerItemProxy section */

/* Begin PBXFileReference section */
		D994C8BE2D00F38700BB4537 /* ApplySWUI.app */ = {isa = PBXFileReference; explicitFileType = wrapper.application; includeInIndex = 0; path = ApplySWUI.app; sourceTree = BUILT_PRODUCTS_DIR; };
		D994C8C12D00F38700BB4537 /* ApplySWUIApp.swift */ = {isa = PBXFileReference; lastKnownFileType = sourcecode.swift; path = ApplySWUIApp.swift; sourceTree = "<group>"; };
		D994C8C32D00F38700BB4537 /* ContentView.swift */ = {isa = PBXFileReference; lastKnownFileType = sourcecode.swift; path = ContentView.swift; sourceTree = "<group>"; };
		D994C8C52D00F38800BB4537 /* Assets.xcassets */ = {isa = PBXFileReference; lastKnownFileType = folder.assetcatalog; path = Assets.xcassets; sourceTree = "<group>"; };
		D994C8C82D00F38800BB4537 /* Preview Assets.xcassets */ = {isa = PBXFileReference; lastKnownFileType = folder.assetcatalog; path = "Preview Assets.xcassets"; sourceTree = "<group>"; };
		D994C8CA2D00F38800BB4537 /* Persistence.swift */ = {isa = PBXFileReference; lastKnownFileType = sourcecode.swift; path = Persistence.swift; sourceTree = "<group>"; };
		D994C8CD2D00F38800BB4537 /* ApplySWUI.xcdatamodel */ = {isa = PBXFileReference; lastKnownFileType = wrapper.xcdatamodel; path = ApplySWUI.xcdatamodel; sourceTree = "<group>"; };
		D994C8D32D00F38800BB4537 /* ApplySWUITests.xctest */ = {isa = PBXFileReference; explicitFileType = wrapper.cfbundle; includeInIndex = 0; path = ApplySWUITests.xctest; sourceTree = BUILT_PRODUCTS_DIR; };
		D994C8D72D00F38800BB4537 /* ApplySWUITests.swift */ = {isa = PBXFileReference; lastKnownFileType = sourcecode.swift; path = ApplySWUITests.swift; sourceTree = "<group>"; };
		D994C8DD2D00F38800BB4537 /* ApplySWUIUITests.xctest */ = {isa = PBXFileReference; explicitFileType = wrapper.cfbundle; includeInIndex = 0; path = ApplySWUIUITests.xctest; sourceTree = BUILT_PRODUCTS_DIR; };
		D994C8E12D00F38800BB4537 /* ApplySWUIUITests.swift */ = {isa = PBXFileReference; lastKnownFileType = sourcecode.swift; path = ApplySWUIUITests.swift; sourceTree = "<group>"; };
		D994C8E32D00F38800BB4537 /* ApplySWUIUITestsLaunchTests.swift */ = {isa = PBXFileReference; lastKnownFileType = sourcecode.swift; path = ApplySWUIUITestsLaunchTests.swift; sourceTree = "<group>"; };
		D994C9232D02304900BB4537 /* UtilServices.swift */ = {isa = PBXFileReference; lastKnownFileType = sourcecode.swift; path = UtilServices.swift; sourceTree = "<group>"; };
		D994C9252D02306100BB4537 /* APIEndpointModel.swift */ = {isa = PBXFileReference; lastKnownFileType = sourcecode.swift; path = APIEndpointModel.swift; sourceTree = "<group>"; };
		D994C9272D02308000BB4537 /* Hits.swift */ = {isa = PBXFileReference; lastKnownFileType = sourcecode.swift; path = Hits.swift; sourceTree = "<group>"; };
		D994C9292D0230AB00BB4537 /* webService.swift */ = {isa = PBXFileReference; lastKnownFileType = sourcecode.swift; path = webService.swift; sourceTree = "<group>"; };
		D994C92C2D0230ED00BB4537 /* endpointsDev.plist */ = {isa = PBXFileReference; lastKnownFileType = text.plist.xml; path = endpointsDev.plist; sourceTree = "<group>"; };
		D994C92E2D02310900BB4537 /* UtilsDates.swift */ = {isa = PBXFileReference; lastKnownFileType = sourcecode.swift; path = UtilsDates.swift; sourceTree = "<group>"; };
		D994C9302D02313C00BB4537 /* HitsViewModel.swift */ = {isa = PBXFileReference; lastKnownFileType = sourcecode.swift; path = HitsViewModel.swift; sourceTree = "<group>"; };
		D994C9332D02317E00BB4537 /* Localizable.strings */ = {isa = PBXFileReference; lastKnownFileType = text.plist.strings; path = Localizable.strings; sourceTree = "<group>"; };
		D994C9372D0238CE00BB4537 /* HitsContentView.swift */ = {isa = PBXFileReference; lastKnownFileType = sourcecode.swift; path = HitsContentView.swift; sourceTree = "<group>"; };
		D994C9392D0238DA00BB4537 /* WebContentView.swift */ = {isa = PBXFileReference; lastKnownFileType = sourcecode.swift; path = WebContentView.swift; sourceTree = "<group>"; };
		D994C93C2D026EC400BB4537 /* ErrorContentView.swift */ = {isa = PBXFileReference; lastKnownFileType = sourcecode.swift; path = ErrorContentView.swift; sourceTree = "<group>"; };
/* End PBXFileReference section */

/* Begin PBXFrameworksBuildPhase section */
		D994C8BB2D00F38700BB4537 /* Frameworks */ = {
			isa = PBXFrameworksBuildPhase;
			buildActionMask = 2147483647;
			files = (
			);
			runOnlyForDeploymentPostprocessing = 0;
		};
		D994C8D02D00F38800BB4537 /* Frameworks */ = {
			isa = PBXFrameworksBuildPhase;
			buildActionMask = 2147483647;
			files = (
			);
			runOnlyForDeploymentPostprocessing = 0;
		};
		D994C8DA2D00F38800BB4537 /* Frameworks */ = {
			isa = PBXFrameworksBuildPhase;
			buildActionMask = 2147483647;
			files = (
			);
			runOnlyForDeploymentPostprocessing = 0;
		};
/* End PBXFrameworksBuildPhase section */

/* Begin PBXGroup section */
		D994C8B52D00F38600BB4537 = {
			isa = PBXGroup;
			children = (
				D994C8C02D00F38700BB4537 /* ApplySWUI */,
				D994C8D62D00F38800BB4537 /* ApplySWUITests */,
				D994C8E02D00F38800BB4537 /* ApplySWUIUITests */,
				D994C8BF2D00F38700BB4537 /* Products */,
			);
			sourceTree = "<group>";
		};
		D994C8BF2D00F38700BB4537 /* Products */ = {
			isa = PBXGroup;
			children = (
				D994C8BE2D00F38700BB4537 /* ApplySWUI.app */,
				D994C8D32D00F38800BB4537 /* ApplySWUITests.xctest */,
				D994C8DD2D00F38800BB4537 /* ApplySWUIUITests.xctest */,
			);
			name = Products;
			sourceTree = "<group>";
		};
		D994C8C02D00F38700BB4537 /* ApplySWUI */ = {
			isa = PBXGroup;
			children = (
				D994C9322D02316000BB4537 /* Localizer */,
				D994C92B2D0230C600BB4537 /* EndPoint */,
				D994C9222D02303100BB4537 /* Utils */,
				D994C9212D02302A00BB4537 /* Views */,
				D994C9202D02302000BB4537 /* ViewModel */,
				D994C91F2D02301A00BB4537 /* Model */,
				D994C91E2D02301100BB4537 /* Service */,
				D994C8C12D00F38700BB4537 /* ApplySWUIApp.swift */,
				D994C8C52D00F38800BB4537 /* Assets.xcassets */,
				D994C8CA2D00F38800BB4537 /* Persistence.swift */,
				D994C8CC2D00F38800BB4537 /* ApplySWUI.xcdatamodeld */,
				D994C8C72D00F38800BB4537 /* Preview Content */,
			);
			path = ApplySWUI;
			sourceTree = "<group>";
		};
		D994C8C72D00F38800BB4537 /* Preview Content */ = {
			isa = PBXGroup;
			children = (
				D994C8C82D00F38800BB4537 /* Preview Assets.xcassets */,
			);
			path = "Preview Content";
			sourceTree = "<group>";
		};
		D994C8D62D00F38800BB4537 /* ApplySWUITests */ = {
			isa = PBXGroup;
			children = (
				D994C8D72D00F38800BB4537 /* ApplySWUITests.swift */,
			);
			path = ApplySWUITests;
			sourceTree = "<group>";
		};
		D994C8E02D00F38800BB4537 /* ApplySWUIUITests */ = {
			isa = PBXGroup;
			children = (
				D994C8E12D00F38800BB4537 /* ApplySWUIUITests.swift */,
				D994C8E32D00F38800BB4537 /* ApplySWUIUITestsLaunchTests.swift */,
			);
			path = ApplySWUIUITests;
			sourceTree = "<group>";
		};
		D994C91E2D02301100BB4537 /* Service */ = {
			isa = PBXGroup;
			children = (
				D994C9232D02304900BB4537 /* UtilServices.swift */,
				D994C9292D0230AB00BB4537 /* webService.swift */,
			);
			path = Service;
			sourceTree = "<group>";
		};
		D994C91F2D02301A00BB4537 /* Model */ = {
			isa = PBXGroup;
			children = (
				D994C9252D02306100BB4537 /* APIEndpointModel.swift */,
				D994C9272D02308000BB4537 /* Hits.swift */,
			);
			path = Model;
			sourceTree = "<group>";
		};
		D994C9202D02302000BB4537 /* ViewModel */ = {
			isa = PBXGroup;
			children = (
				D994C9302D02313C00BB4537 /* HitsViewModel.swift */,
			);
			path = ViewModel;
			sourceTree = "<group>";
		};
		D994C9212D02302A00BB4537 /* Views */ = {
			isa = PBXGroup;
			children = (
				D994C93B2D026EAD00BB4537 /* Error */,
				D994C9362D0238AF00BB4537 /* Hits */,
				D994C9352D0238A700BB4537 /* Web */,
				D994C8C32D00F38700BB4537 /* ContentView.swift */,
			);
			path = Views;
			sourceTree = "<group>";
		};
		D994C9222D02303100BB4537 /* Utils */ = {
			isa = PBXGroup;
			children = (
				D994C92E2D02310900BB4537 /* UtilsDates.swift */,
			);
			path = Utils;
			sourceTree = "<group>";
		};
		D994C92B2D0230C600BB4537 /* EndPoint */ = {
			isa = PBXGroup;
			children = (
				D994C92C2D0230ED00BB4537 /* endpointsDev.plist */,
			);
			path = EndPoint;
			sourceTree = "<group>";
		};
		D994C9322D02316000BB4537 /* Localizer */ = {
			isa = PBXGroup;
			children = (
				D994C9332D02317E00BB4537 /* Localizable.strings */,
			);
			path = Localizer;
			sourceTree = "<group>";
		};
		D994C9352D0238A700BB4537 /* Web */ = {
			isa = PBXGroup;
			children = (
				D994C9392D0238DA00BB4537 /* WebContentView.swift */,
			);
			path = Web;
			sourceTree = "<group>";
		};
		D994C9362D0238AF00BB4537 /* Hits */ = {
			isa = PBXGroup;
			children = (
				D994C9372D0238CE00BB4537 /* HitsContentView.swift */,
			);
			path = Hits;
			sourceTree = "<group>";
		};
		D994C93B2D026EAD00BB4537 /* Error */ = {
			isa = PBXGroup;
			children = (
				D994C93C2D026EC400BB4537 /* ErrorContentView.swift */,
			);
			path = Error;
			sourceTree = "<group>";
		};
/* End PBXGroup section */

/* Begin PBXNativeTarget section */
		D994C8BD2D00F38700BB4537 /* ApplySWUI */ = {
			isa = PBXNativeTarget;
			buildConfigurationList = D994C8E72D00F38800BB4537 /* Build configuration list for PBXNativeTarget "ApplySWUI" */;
			buildPhases = (
				D994C8BA2D00F38700BB4537 /* Sources */,
				D994C8BB2D00F38700BB4537 /* Frameworks */,
				D994C8BC2D00F38700BB4537 /* Resources */,
			);
			buildRules = (
			);
			dependencies = (
			);
			name = ApplySWUI;
			productName = ApplySWUI;
			productReference = D994C8BE2D00F38700BB4537 /* ApplySWUI.app */;
			productType = "com.apple.product-type.application";
		};
		D994C8D22D00F38800BB4537 /* ApplySWUITests */ = {
			isa = PBXNativeTarget;
			buildConfigurationList = D994C8EA2D00F38800BB4537 /* Build configuration list for PBXNativeTarget "ApplySWUITests" */;
			buildPhases = (
				D994C8CF2D00F38800BB4537 /* Sources */,
				D994C8D02D00F38800BB4537 /* Frameworks */,
				D994C8D12D00F38800BB4537 /* Resources */,
			);
			buildRules = (
			);
			dependencies = (
				D994C8D52D00F38800BB4537 /* PBXTargetDependency */,
			);
			name = ApplySWUITests;
			productName = ApplySWUITests;
			productReference = D994C8D32D00F38800BB4537 /* ApplySWUITests.xctest */;
			productType = "com.apple.product-type.bundle.unit-test";
		};
		D994C8DC2D00F38800BB4537 /* ApplySWUIUITests */ = {
			isa = PBXNativeTarget;
			buildConfigurationList = D994C8ED2D00F38800BB4537 /* Build configuration list for PBXNativeTarget "ApplySWUIUITests" */;
			buildPhases = (
				D994C8D92D00F38800BB4537 /* Sources */,
				D994C8DA2D00F38800BB4537 /* Frameworks */,
				D994C8DB2D00F38800BB4537 /* Resources */,
			);
			buildRules = (
			);
			dependencies = (
				D994C8DF2D00F38800BB4537 /* PBXTargetDependency */,
			);
			name = ApplySWUIUITests;
			productName = ApplySWUIUITests;
			productReference = D994C8DD2D00F38800BB4537 /* ApplySWUIUITests.xctest */;
			productType = "com.apple.product-type.bundle.ui-testing";
		};
/* End PBXNativeTarget section */

/* Begin PBXProject section */
		D994C8B62D00F38600BB4537 /* Project object */ = {
			isa = PBXProject;
			attributes = {
				BuildIndependentTargetsInParallel = 1;
				LastSwiftUpdateCheck = 1520;
				LastUpgradeCheck = 1520;
				TargetAttributes = {
					D994C8BD2D00F38700BB4537 = {
						CreatedOnToolsVersion = 15.2;
					};
					D994C8D22D00F38800BB4537 = {
						CreatedOnToolsVersion = 15.2;
						TestTargetID = D994C8BD2D00F38700BB4537;
					};
					D994C8DC2D00F38800BB4537 = {
						CreatedOnToolsVersion = 15.2;
						TestTargetID = D994C8BD2D00F38700BB4537;
					};
				};
			};
			buildConfigurationList = D994C8B92D00F38600BB4537 /* Build configuration list for PBXProject "ApplySWUI" */;
			compatibilityVersion = "Xcode 14.0";
			developmentRegion = en;
			hasScannedForEncodings = 0;
			knownRegions = (
				en,
				Base,
			);
			mainGroup = D994C8B52D00F38600BB4537;
			productRefGroup = D994C8BF2D00F38700BB4537 /* Products */;
			projectDirPath = "";
			projectRoot = "";
			targets = (
				D994C8BD2D00F38700BB4537 /* ApplySWUI */,
				D994C8D22D00F38800BB4537 /* ApplySWUITests */,
				D994C8DC2D00F38800BB4537 /* ApplySWUIUITests */,
			);
		};
/* End PBXProject section */

/* Begin PBXResourcesBuildPhase section */
		D994C8BC2D00F38700BB4537 /* Resources */ = {
			isa = PBXResourcesBuildPhase;
			buildActionMask = 2147483647;
			files = (
				D994C92D2D0230ED00BB4537 /* endpointsDev.plist in Resources */,
				D994C9342D02317E00BB4537 /* Localizable.strings in Resources */,
				D994C8C92D00F38800BB4537 /* Preview Assets.xcassets in Resources */,
				D994C8C62D00F38800BB4537 /* Assets.xcassets in Resources */,
			);
			runOnlyForDeploymentPostprocessing = 0;
		};
		D994C8D12D00F38800BB4537 /* Resources */ = {
			isa = PBXResourcesBuildPhase;
			buildActionMask = 2147483647;
			files = (
			);
			runOnlyForDeploymentPostprocessing = 0;
		};
		D994C8DB2D00F38800BB4537 /* Resources */ = {
			isa = PBXResourcesBuildPhase;
			buildActionMask = 2147483647;
			files = (
			);
			runOnlyForDeploymentPostprocessing = 0;
		};
/* End PBXResourcesBuildPhase section */

/* Begin PBXSourcesBuildPhase section */
		D994C8BA2D00F38700BB4537 /* Sources */ = {
			isa = PBXSourcesBuildPhase;
			buildActionMask = 2147483647;
			files = (
				D994C93D2D026EC400BB4537 /* ErrorContentView.swift in Sources */,
				D994C9242D02304900BB4537 /* UtilServices.swift in Sources */,
				D994C9262D02306100BB4537 /* APIEndpointModel.swift in Sources */,
				D994C92A2D0230AB00BB4537 /* webService.swift in Sources */,
				D994C92F2D02310900BB4537 /* UtilsDates.swift in Sources */,
				D994C8CE2D00F38800BB4537 /* ApplySWUI.xcdatamodeld in Sources */,
				D994C8CB2D00F38800BB4537 /* Persistence.swift in Sources */,
				D994C9312D02313C00BB4537 /* HitsViewModel.swift in Sources */,
				D994C93A2D0238DA00BB4537 /* WebContentView.swift in Sources */,
				D994C8C42D00F38700BB4537 /* ContentView.swift in Sources */,
				D994C9382D0238CE00BB4537 /* HitsContentView.swift in Sources */,
				D994C8C22D00F38700BB4537 /* ApplySWUIApp.swift in Sources */,
				D994C9282D02308000BB4537 /* Hits.swift in Sources */,
			);
			runOnlyForDeploymentPostprocessing = 0;
		};
		D994C8CF2D00F38800BB4537 /* Sources */ = {
			isa = PBXSourcesBuildPhase;
			buildActionMask = 2147483647;
			files = (
				D994C8D82D00F38800BB4537 /* ApplySWUITests.swift in Sources */,
			);
			runOnlyForDeploymentPostprocessing = 0;
		};
		D994C8D92D00F38800BB4537 /* Sources */ = {
			isa = PBXSourcesBuildPhase;
			buildActionMask = 2147483647;
			files = (
				D994C8E22D00F38800BB4537 /* ApplySWUIUITests.swift in Sources */,
				D994C8E42D00F38800BB4537 /* ApplySWUIUITestsLaunchTests.swift in Sources */,
			);
			runOnlyForDeploymentPostprocessing = 0;
		};
/* End PBXSourcesBuildPhase section */

/* Begin PBXTargetDependency section */
		D994C8D52D00F38800BB4537 /* PBXTargetDependency */ = {
			isa = PBXTargetDependency;
			target = D994C8BD2D00F38700BB4537 /* ApplySWUI */;
			targetProxy = D994C8D42D00F38800BB4537 /* PBXContainerItemProxy */;
		};
		D994C8DF2D00F38800BB4537 /* PBXTargetDependency */ = {
			isa = PBXTargetDependency;
			target = D994C8BD2D00F38700BB4537 /* ApplySWUI */;
			targetProxy = D994C8DE2D00F38800BB4537 /* PBXContainerItemProxy */;
		};
/* End PBXTargetDependency section */

/* Begin XCBuildConfiguration section */
		D994C8E52D00F38800BB4537 /* Debug */ = {
			isa = XCBuildConfiguration;
			buildSettings = {
				ALWAYS_SEARCH_USER_PATHS = NO;
				ASSETCATALOG_COMPILER_GENERATE_SWIFT_ASSET_SYMBOL_EXTENSIONS = YES;
				CLANG_ANALYZER_NONNULL = YES;
				CLANG_ANALYZER_NUMBER_OBJECT_CONVERSION = YES_AGGRESSIVE;
				CLANG_CXX_LANGUAGE_STANDARD = "gnu++20";
				CLANG_ENABLE_MODULES = YES;
				CLANG_ENABLE_OBJC_ARC = YES;
				CLANG_ENABLE_OBJC_WEAK = YES;
				CLANG_WARN_BLOCK_CAPTURE_AUTORELEASING = YES;
				CLANG_WARN_BOOL_CONVERSION = YES;
				CLANG_WARN_COMMA = YES;
				CLANG_WARN_CONSTANT_CONVERSION = YES;
				CLANG_WARN_DEPRECATED_OBJC_IMPLEMENTATIONS = YES;
				CLANG_WARN_DIRECT_OBJC_ISA_USAGE = YES_ERROR;
				CLANG_WARN_DOCUMENTATION_COMMENTS = YES;
				CLANG_WARN_EMPTY_BODY = YES;
				CLANG_WARN_ENUM_CONVERSION = YES;
				CLANG_WARN_INFINITE_RECURSION = YES;
				CLANG_WARN_INT_CONVERSION = YES;
				CLANG_WARN_NON_LITERAL_NULL_CONVERSION = YES;
				CLANG_WARN_OBJC_IMPLICIT_RETAIN_SELF = YES;
				CLANG_WARN_OBJC_LITERAL_CONVERSION = YES;
				CLANG_WARN_OBJC_ROOT_CLASS = YES_ERROR;
				CLANG_WARN_QUOTED_INCLUDE_IN_FRAMEWORK_HEADER = YES;
				CLANG_WARN_RANGE_LOOP_ANALYSIS = YES;
				CLANG_WARN_STRICT_PROTOTYPES = YES;
				CLANG_WARN_SUSPICIOUS_MOVE = YES;
				CLANG_WARN_UNGUARDED_AVAILABILITY = YES_AGGRESSIVE;
				CLANG_WARN_UNREACHABLE_CODE = YES;
				CLANG_WARN__DUPLICATE_METHOD_MATCH = YES;
				COPY_PHASE_STRIP = NO;
				DEBUG_INFORMATION_FORMAT = dwarf;
				ENABLE_STRICT_OBJC_MSGSEND = YES;
				ENABLE_TESTABILITY = YES;
				ENABLE_USER_SCRIPT_SANDBOXING = YES;
				GCC_C_LANGUAGE_STANDARD = gnu17;
				GCC_DYNAMIC_NO_PIC = NO;
				GCC_NO_COMMON_BLOCKS = YES;
				GCC_OPTIMIZATION_LEVEL = 0;
				GCC_PREPROCESSOR_DEFINITIONS = (
					"DEBUG=1",
					"$(inherited)",
				);
				GCC_WARN_64_TO_32_BIT_CONVERSION = YES;
				GCC_WARN_ABOUT_RETURN_TYPE = YES_ERROR;
				GCC_WARN_UNDECLARED_SELECTOR = YES;
				GCC_WARN_UNINITIALIZED_AUTOS = YES_AGGRESSIVE;
				GCC_WARN_UNUSED_FUNCTION = YES;
				GCC_WARN_UNUSED_VARIABLE = YES;
				IPHONEOS_DEPLOYMENT_TARGET = 17.2;
				LOCALIZATION_PREFERS_STRING_CATALOGS = YES;
				MTL_ENABLE_DEBUG_INFO = INCLUDE_SOURCE;
				MTL_FAST_MATH = YES;
				ONLY_ACTIVE_ARCH = YES;
				SDKROOT = iphoneos;
				SWIFT_ACTIVE_COMPILATION_CONDITIONS = "DEBUG $(inherited)";
				SWIFT_OPTIMIZATION_LEVEL = "-Onone";
			};
			name = Debug;
		};
		D994C8E62D00F38800BB4537 /* Release */ = {
			isa = XCBuildConfiguration;
			buildSettings = {
				ALWAYS_SEARCH_USER_PATHS = NO;
				ASSETCATALOG_COMPILER_GENERATE_SWIFT_ASSET_SYMBOL_EXTENSIONS = YES;
				CLANG_ANALYZER_NONNULL = YES;
				CLANG_ANALYZER_NUMBER_OBJECT_CONVERSION = YES_AGGRESSIVE;
				CLANG_CXX_LANGUAGE_STANDARD = "gnu++20";
				CLANG_ENABLE_MODULES = YES;
				CLANG_ENABLE_OBJC_ARC = YES;
				CLANG_ENABLE_OBJC_WEAK = YES;
				CLANG_WARN_BLOCK_CAPTURE_AUTORELEASING = YES;
				CLANG_WARN_BOOL_CONVERSION = YES;
				CLANG_WARN_COMMA = YES;
				CLANG_WARN_CONSTANT_CONVERSION = YES;
				CLANG_WARN_DEPRECATED_OBJC_IMPLEMENTATIONS = YES;
				CLANG_WARN_DIRECT_OBJC_ISA_USAGE = YES_ERROR;
				CLANG_WARN_DOCUMENTATION_COMMENTS = YES;
				CLANG_WARN_EMPTY_BODY = YES;
				CLANG_WARN_ENUM_CONVERSION = YES;
				CLANG_WARN_INFINITE_RECURSION = YES;
				CLANG_WARN_INT_CONVERSION = YES;
				CLANG_WARN_NON_LITERAL_NULL_CONVERSION = YES;
				CLANG_WARN_OBJC_IMPLICIT_RETAIN_SELF = YES;
				CLANG_WARN_OBJC_LITERAL_CONVERSION = YES;
				CLANG_WARN_OBJC_ROOT_CLASS = YES_ERROR;
				CLANG_WARN_QUOTED_INCLUDE_IN_FRAMEWORK_HEADER = YES;
				CLANG_WARN_RANGE_LOOP_ANALYSIS = YES;
				CLANG_WARN_STRICT_PROTOTYPES = YES;
				CLANG_WARN_SUSPICIOUS_MOVE = YES;
				CLANG_WARN_UNGUARDED_AVAILABILITY = YES_AGGRESSIVE;
				CLANG_WARN_UNREACHABLE_CODE = YES;
				CLANG_WARN__DUPLICATE_METHOD_MATCH = YES;
				COPY_PHASE_STRIP = NO;
				DEBUG_INFORMATION_FORMAT = "dwarf-with-dsym";
				ENABLE_NS_ASSERTIONS = NO;
				ENABLE_STRICT_OBJC_MSGSEND = YES;
				ENABLE_USER_SCRIPT_SANDBOXING = YES;
				GCC_C_LANGUAGE_STANDARD = gnu17;
				GCC_NO_COMMON_BLOCKS = YES;
				GCC_WARN_64_TO_32_BIT_CONVERSION = YES;
				GCC_WARN_ABOUT_RETURN_TYPE = YES_ERROR;
				GCC_WARN_UNDECLARED_SELECTOR = YES;
				GCC_WARN_UNINITIALIZED_AUTOS = YES_AGGRESSIVE;
				GCC_WARN_UNUSED_FUNCTION = YES;
				GCC_WARN_UNUSED_VARIABLE = YES;
				IPHONEOS_DEPLOYMENT_TARGET = 17.2;
				LOCALIZATION_PREFERS_STRING_CATALOGS = YES;
				MTL_ENABLE_DEBUG_INFO = NO;
				MTL_FAST_MATH = YES;
				SDKROOT = iphoneos;
				SWIFT_COMPILATION_MODE = wholemodule;
				VALIDATE_PRODUCT = YES;
			};
			name = Release;
		};
		D994C8E82D00F38800BB4537 /* Debug */ = {
			isa = XCBuildConfiguration;
			buildSettings = {
				ASSETCATALOG_COMPILER_APPICON_NAME = AppIcon;
				ASSETCATALOG_COMPILER_GLOBAL_ACCENT_COLOR_NAME = AccentColor;
				CODE_SIGN_STYLE = Automatic;
				CURRENT_PROJECT_VERSION = 1;
				DEVELOPMENT_ASSET_PATHS = "\"ApplySWUI/Preview Content\"";
				DEVELOPMENT_TEAM = 2U7FA696SS;
				ENABLE_PREVIEWS = YES;
				GENERATE_INFOPLIST_FILE = YES;
				INFOPLIST_KEY_UIApplicationSceneManifest_Generation = YES;
				INFOPLIST_KEY_UIApplicationSupportsIndirectInputEvents = YES;
				INFOPLIST_KEY_UILaunchScreen_Generation = YES;
				INFOPLIST_KEY_UISupportedInterfaceOrientations_iPad = "UIInterfaceOrientationPortrait UIInterfaceOrientationPortraitUpsideDown UIInterfaceOrientationLandscapeLeft UIInterfaceOrientationLandscapeRight";
				INFOPLIST_KEY_UISupportedInterfaceOrientations_iPhone = "UIInterfaceOrientationPortrait UIInterfaceOrientationLandscapeLeft UIInterfaceOrientationLandscapeRight";
				LD_RUNPATH_SEARCH_PATHS = (
					"$(inherited)",
					"@executable_path/Frameworks",
				);
				MARKETING_VERSION = 1.0;
				PRODUCT_BUNDLE_IDENTIFIER = korbek.ApplySWUI;
				PRODUCT_NAME = "$(TARGET_NAME)";
				SWIFT_EMIT_LOC_STRINGS = YES;
				SWIFT_VERSION = 5.0;
				TARGETED_DEVICE_FAMILY = "1,2";
			};
			name = Debug;
		};
		D994C8E92D00F38800BB4537 /* Release */ = {
			isa = XCBuildConfiguration;
			buildSettings = {
				ASSETCATALOG_COMPILER_APPICON_NAME = AppIcon;
				ASSETCATALOG_COMPILER_GLOBAL_ACCENT_COLOR_NAME = AccentColor;
				CODE_SIGN_STYLE = Automatic;
				CURRENT_PROJECT_VERSION = 1;
				DEVELOPMENT_ASSET_PATHS = "\"ApplySWUI/Preview Content\"";
				DEVELOPMENT_TEAM = 2U7FA696SS;
				ENABLE_PREVIEWS = YES;
				GENERATE_INFOPLIST_FILE = YES;
				INFOPLIST_KEY_UIApplicationSceneManifest_Generation = YES;
				INFOPLIST_KEY_UIApplicationSupportsIndirectInputEvents = YES;
				INFOPLIST_KEY_UILaunchScreen_Generation = YES;
				INFOPLIST_KEY_UISupportedInterfaceOrientations_iPad = "UIInterfaceOrientationPortrait UIInterfaceOrientationPortraitUpsideDown UIInterfaceOrientationLandscapeLeft UIInterfaceOrientationLandscapeRight";
				INFOPLIST_KEY_UISupportedInterfaceOrientations_iPhone = "UIInterfaceOrientationPortrait UIInterfaceOrientationLandscapeLeft UIInterfaceOrientationLandscapeRight";
				LD_RUNPATH_SEARCH_PATHS = (
					"$(inherited)",
					"@executable_path/Frameworks",
				);
				MARKETING_VERSION = 1.0;
				PRODUCT_BUNDLE_IDENTIFIER = korbek.ApplySWUI;
				PRODUCT_NAME = "$(TARGET_NAME)";
				SWIFT_EMIT_LOC_STRINGS = YES;
				SWIFT_VERSION = 5.0;
				TARGETED_DEVICE_FAMILY = "1,2";
			};
			name = Release;
		};
		D994C8EB2D00F38800BB4537 /* Debug */ = {
			isa = XCBuildConfiguration;
			buildSettings = {
				ALWAYS_EMBED_SWIFT_STANDARD_LIBRARIES = YES;
				BUNDLE_LOADER = "$(TEST_HOST)";
				CODE_SIGN_STYLE = Automatic;
				CURRENT_PROJECT_VERSION = 1;
				DEVELOPMENT_TEAM = 2U7FA696SS;
				GENERATE_INFOPLIST_FILE = YES;
				IPHONEOS_DEPLOYMENT_TARGET = 17.2;
				MARKETING_VERSION = 1.0;
				PRODUCT_BUNDLE_IDENTIFIER = korbek.ApplySWUITests;
				PRODUCT_NAME = "$(TARGET_NAME)";
				SWIFT_EMIT_LOC_STRINGS = NO;
				SWIFT_VERSION = 5.0;
				TARGETED_DEVICE_FAMILY = "1,2";
				TEST_HOST = "$(BUILT_PRODUCTS_DIR)/ApplySWUI.app/$(BUNDLE_EXECUTABLE_FOLDER_PATH)/ApplySWUI";
			};
			name = Debug;
		};
		D994C8EC2D00F38800BB4537 /* Release */ = {
			isa = XCBuildConfiguration;
			buildSettings = {
				ALWAYS_EMBED_SWIFT_STANDARD_LIBRARIES = YES;
				BUNDLE_LOADER = "$(TEST_HOST)";
				CODE_SIGN_STYLE = Automatic;
				CURRENT_PROJECT_VERSION = 1;
				DEVELOPMENT_TEAM = 2U7FA696SS;
				GENERATE_INFOPLIST_FILE = YES;
				IPHONEOS_DEPLOYMENT_TARGET = 17.2;
				MARKETING_VERSION = 1.0;
				PRODUCT_BUNDLE_IDENTIFIER = korbek.ApplySWUITests;
				PRODUCT_NAME = "$(TARGET_NAME)";
				SWIFT_EMIT_LOC_STRINGS = NO;
				SWIFT_VERSION = 5.0;
				TARGETED_DEVICE_FAMILY = "1,2";
				TEST_HOST = "$(BUILT_PRODUCTS_DIR)/ApplySWUI.app/$(BUNDLE_EXECUTABLE_FOLDER_PATH)/ApplySWUI";
			};
			name = Release;
		};
		D994C8EE2D00F38800BB4537 /* Debug */ = {
			isa = XCBuildConfiguration;
			buildSettings = {
				ALWAYS_EMBED_SWIFT_STANDARD_LIBRARIES = YES;
				CODE_SIGN_STYLE = Automatic;
				CURRENT_PROJECT_VERSION = 1;
				DEVELOPMENT_TEAM = 2U7FA696SS;
				GENERATE_INFOPLIST_FILE = YES;
				MARKETING_VERSION = 1.0;
				PRODUCT_BUNDLE_IDENTIFIER = korbek.ApplySWUIUITests;
				PRODUCT_NAME = "$(TARGET_NAME)";
				SWIFT_EMIT_LOC_STRINGS = NO;
				SWIFT_VERSION = 5.0;
				TARGETED_DEVICE_FAMILY = "1,2";
				TEST_TARGET_NAME = ApplySWUI;
			};
			name = Debug;
		};
		D994C8EF2D00F38800BB4537 /* Release */ = {
			isa = XCBuildConfiguration;
			buildSettings = {
				ALWAYS_EMBED_SWIFT_STANDARD_LIBRARIES = YES;
				CODE_SIGN_STYLE = Automatic;
				CURRENT_PROJECT_VERSION = 1;
				DEVELOPMENT_TEAM = 2U7FA696SS;
				GENERATE_INFOPLIST_FILE = YES;
				MARKETING_VERSION = 1.0;
				PRODUCT_BUNDLE_IDENTIFIER = korbek.ApplySWUIUITests;
				PRODUCT_NAME = "$(TARGET_NAME)";
				SWIFT_EMIT_LOC_STRINGS = NO;
				SWIFT_VERSION = 5.0;
				TARGETED_DEVICE_FAMILY = "1,2";
				TEST_TARGET_NAME = ApplySWUI;
			};
			name = Release;
		};
/* End XCBuildConfiguration section */

/* Begin XCConfigurationList section */
		D994C8B92D00F38600BB4537 /* Build configuration list for PBXProject "ApplySWUI" */ = {
			isa = XCConfigurationList;
			buildConfigurations = (
				D994C8E52D00F38800BB4537 /* Debug */,
				D994C8E62D00F38800BB4537 /* Release */,
			);
			defaultConfigurationIsVisible = 0;
			defaultConfigurationName = Release;
		};
		D994C8E72D00F38800BB4537 /* Build configuration list for PBXNativeTarget "ApplySWUI" */ = {
			isa = XCConfigurationList;
			buildConfigurations = (
				D994C8E82D00F38800BB4537 /* Debug */,
				D994C8E92D00F38800BB4537 /* Release */,
			);
			defaultConfigurationIsVisible = 0;
			defaultConfigurationName = Release;
		};
		D994C8EA2D00F38800BB4537 /* Build configuration list for PBXNativeTarget "ApplySWUITests" */ = {
			isa = XCConfigurationList;
			buildConfigurations = (
				D994C8EB2D00F38800BB4537 /* Debug */,
				D994C8EC2D00F38800BB4537 /* Release */,
			);
			defaultConfigurationIsVisible = 0;
			defaultConfigurationName = Release;
		};
		D994C8ED2D00F38800BB4537 /* Build configuration list for PBXNativeTarget "ApplySWUIUITests" */ = {
			isa = XCConfigurationList;
			buildConfigurations = (
				D994C8EE2D00F38800BB4537 /* Debug */,
				D994C8EF2D00F38800BB4537 /* Release */,
			);
			defaultConfigurationIsVisible = 0;
			defaultConfigurationName = Release;
		};
/* End XCConfigurationList section */

/* Begin XCVersionGroup section */
		D994C8CC2D00F38800BB4537 /* ApplySWUI.xcdatamodeld */ = {
			isa = XCVersionGroup;
			children = (
				D994C8CD2D00F38800BB4537 /* ApplySWUI.xcdatamodel */,
			);
			currentVersion = D994C8CD2D00F38800BB4537 /* ApplySWUI.xcdatamodel */;
			path = ApplySWUI.xcdatamodeld;
			sourceTree = "<group>";
			versionGroupType = wrapper.xcdatamodel;
		};
/* End XCVersionGroup section */
	};
	rootObject = D994C8B62D00F38600BB4537 /* Project object */;
}
